[[package]]
category = "main"
description = "An abstract syntax tree for Python with inference support."
name = "astroid"
optional = false
python-versions = ">=3.5.*"
version = "2.3.3"

[package.dependencies]
lazy-object-proxy = ">=1.4.0,<1.5.0"
six = ">=1.12,<2.0"
wrapt = ">=1.11.0,<1.12.0"

[package.dependencies.typed-ast]
python = "<3.8"
version = ">=1.4.0,<1.5"

[[package]]
category = "main"
description = "Internationalization utilities"
name = "babel"
optional = false
python-versions = ">=2.7, !=3.0.*, !=3.1.*, !=3.2.*, !=3.3.*"
version = "2.7.0"

[package.dependencies]
pytz = ">=2015.7"

[[package]]
category = "main"
description = "Python package for providing Mozilla's CA Bundle."
name = "certifi"
optional = false
python-versions = "*"
version = "2019.11.28"

[[package]]
category = "main"
description = "Universal encoding detector for Python 2 and 3"
name = "chardet"
optional = false
python-versions = "*"
version = "3.0.4"

[[package]]
category = "main"
description = "Cross-platform colored terminal text."
marker = "sys_platform == \"win32\""
name = "colorama"
optional = false
python-versions = ">=2.7, !=3.0.*, !=3.1.*, !=3.2.*, !=3.3.*"
version = "0.4.1"

[[package]]
category = "main"
description = "A backport of the dataclasses module for Python 3.6"
name = "dataclasses"
optional = false
python-versions = "*"
version = "0.6"

[[package]]
category = "main"
description = "Codes that other plugins have in common"
name = "dit-common-core"
optional = false
python-versions = "*"
version = "0.0.1"

[package.dependencies]
django = ">=1.8"

[package.source]
reference = "b449914861ff3f2d117dfd04e449d9929fd66f20"
type = "git"
url = "https://shimul:vyWhqSgMPXByfETWRwGw@git.divineit.net/web/dit-common-core.git"
[[package]]
category = "main"
description = "Email Addon"
name = "dit-email-addon"
optional = false
python-versions = "*"
version = "0.3.0"

[package.dependencies]
django = ">=1.8"

[package.source]
reference = "22874c8f7e56db133232369c1cf4e81e72134bfa"
type = "git"
url = "https://shimul:vyWhqSgMPXByfETWRwGw@git.divineit.net/web/dit_email_addon.git"
[[package]]
category = "main"
description = "SMS Addon"
name = "dit-sms-addon"
optional = false
python-versions = "*"
version = "0.0.1"

[package.dependencies]
django = ">=1.8"

[package.source]
reference = "c1e4febdcb4d7b374244042e5998bce0c7623d33"
type = "git"
url = "https://shimul:vyWhqSgMPXByfETWRwGw@git.divineit.net/web/dit_sms_addon.git"
[[package]]
category = "main"
description = "A high-level Python Web framework that encourages rapid development and clean, pragmatic design."
name = "django"
optional = false
python-versions = ">=3.4"
version = "2.0"

[package.dependencies]
pytz = "*"

[[package]]
category = "main"
description = "A helper class for handling configuration defaults of packaged apps gracefully."
name = "django-appconf"
optional = false
python-versions = "*"
version = "1.0.3"

[package.dependencies]
django = "*"
six = "*"

[[package]]
category = "main"
description = "For- and backwards compatibility layer for Django 1.4, 1.7, 1.8, 1.9, 1.10, and 1.11"
name = "django-compat"
optional = false
python-versions = "*"
version = "1.0.15"

[package.dependencies]
six = ">=1.10.0"

[[package]]
category = "main"
description = "django-cors-headers is a Django application for handling the server headers required for Cross-Origin Resource Sharing (CORS)."
name = "django-cors-headers"
optional = false
python-versions = ">=3.5"
version = "3.2.0"

[package.dependencies]
Django = ">=1.11"

[[package]]
category = "main"
description = "Provides a country field for Django models."
name = "django-countries"
optional = false
python-versions = "*"
version = "5.5"

[package.dependencies]
six = "*"

[[package]]
category = "main"
description = "Best way to have Django DRY forms"
name = "django-crispy-forms"
optional = false
python-versions = "*"
version = "1.8.1"

[[package]]
category = "main"
description = "Django app for easy embeding YouTube and Vimeo videos and music from SoundCloud."
name = "django-embed-video"
optional = false
python-versions = "*"
version = "1.3"

[package.dependencies]
Django = ">=1.11"
requests = ">=2.19"

[[package]]
category = "main"
description = "Extensions for Django"
name = "django-extensions"
optional = false
python-versions = "*"
version = "2.2.5"

[package.dependencies]
six = ">=1.2"

[[package]]
category = "main"
description = "A file management application for django that makes handling of files and images a breeze."
name = "django-filer"
optional = false
python-versions = "*"
version = "1.4.0"

[package.dependencies]
Django = ">=1.8,<2.2"
Unidecode = ">=0.04,<1.1"
django-mptt = ">=0.6,<1.0"
django_polymorphic = ">=0.7,<2.1"
easy-thumbnails = ">=2,<3.0"

[[package]]
category = "main"
description = "Django-filter is a reusable Django application for allowing users to filter querysets dynamically."
name = "django-filter"
optional = false
python-versions = ">=3.4"
version = "2.2.0"

[package.dependencies]
Django = ">=1.11"

[[package]]
category = "main"
description = "A set of high-level abstractions for Django forms"
name = "django-formtools"
optional = false
python-versions = "*"
version = "2.1"

[package.dependencies]
Django = ">=1.8"

[[package]]
category = "main"
description = "django-hijack allows superusers to hijack (=login as) and work on behalf of another user."
name = "django-hijack"
optional = false
python-versions = "*"
version = "2.1.10"

[package.dependencies]
django-compat = ">=1.0.14"

[[package]]
category = "main"
description = "Django admin integration for Django Hijack (https://github.com/arteria/django-hijack/)"
name = "django-hijack-admin"
optional = false
python-versions = "*"
version = "2.1.10"

[package.dependencies]
django-compat = ">=1.0.13"
django-hijack = ">=2.1.5"

[[package]]
category = "main"
description = "script tag with additional attributes for django.forms.Media"
name = "django-js-asset"
optional = false
python-versions = "*"
version = "1.2.2"

[[package]]
category = "main"
description = "Django JSON Editor"
marker = "extra == \"json\""
name = "django-jsoneditor"
optional = false
python-versions = "*"
version = "0.1.4"

[package.dependencies]
packaging = "*"

[[package]]
category = "main"
description = "Utilities for implementing Modified Preorder Tree Traversal with your Django Models and working with trees of Model instances."
name = "django-mptt"
optional = false
python-versions = ">=3.5"
version = "0.10.0"

[package.dependencies]
Django = ">=1.11"
django-js-asset = "*"

[[package]]
category = "main"
description = "An international phone number field for django models."
name = "django-phonenumber-field"
optional = false
python-versions = ">=3.5"
version = "3.0.1"

[package.dependencies]
Django = ">=1.11.3"
babel = "*"

[[package]]
category = "main"
description = "Seamless polymorphic inheritance for Django models"
name = "django-polymorphic"
optional = false
python-versions = "*"
version = "2.0.3"

[package.dependencies]
Django = ">=1.11"

[[package]]
category = "main"
description = "Full featured redis cache backend for Django."
name = "django-redis"
optional = false
python-versions = ">=2.7, !=3.0.*, !=3.1.*, !=3.2.*, !=3.3.*"
version = "4.10.0"

[package.dependencies]
Django = ">=1.11"
redis = ">=2.10.0"

[[package]]
category = "main"
description = "Create a set of REST API endpoints for Authentication and Registration"
name = "django-rest-auth"
optional = false
python-versions = "*"
version = "0.9.5"

[package.dependencies]
Django = ">=1.8.0"
djangorestframework = ">=3.1.3"
six = ">=1.9.0"

[[package]]
category = "main"
description = "Select2 option fields for Django"
name = "django-select2"
optional = false
python-versions = "*"
version = "7.1.2"

[package.dependencies]
django = ">=2.0"
django-appconf = ">=0.6.0"

[[package]]
category = "main"
description = "Table/data-grid framework for Django"
name = "django-tables2"
optional = false
python-versions = "*"
version = "2.2.1"

[package.dependencies]
Django = ">=1.11"

[[package]]
category = "main"
description = "django-taggit is a reusable Django application for simple tagging."
name = "django-taggit"
optional = false
python-versions = ">=3.5"
version = "1.1.0"

[package.dependencies]
Django = ">=1.11"

[[package]]
category = "main"
description = "Efficient tree implementations for Django"
name = "django-treebeard"
optional = false
python-versions = "*"
version = "4.3"

[package.dependencies]
Django = ">=1.8"

[[package]]
category = "main"
description = "Tweak the form field rendering in templates, not in python-level form definitions."
name = "django-widget-tweaks"
optional = false
python-versions = "*"
version = "1.4.5"

[[package]]
category = "main"
description = "Web APIs for Django, made easy."
name = "djangorestframework"
optional = false
python-versions = ">=3.5"
version = "3.10.3"

[[package]]
category = "main"
description = "Driver for allowing Django to use MongoDB as the database backend."
name = "djongo"
optional = false
python-versions = ">=3.6"
version = "1.2.38"

[package.dependencies]
dataclasses = ">=0.1"
django = ">=2.0"
django-jsoneditor = ">=0.0.12"
jsonfield = ">=2.0.2"
pymongo = ">=3.2.0"
sqlparse = "0.2.4"

[[package]]
category = "main"
description = "Easy thumbnails for Django"
name = "easy-thumbnails"
optional = false
python-versions = "*"
version = "2.6"

[package.dependencies]
[package.dependencies.django]
python = ">=3"
version = ">=1.8"

[package.dependencies.pillow]
python = ">=2.7"
version = "*"

[[package]]
category = "main"
description = "Hyper Editor Integration With Django"
name = "hypereditor"
optional = false
python-versions = "*"
version = "0.1.0"

[package.dependencies]
Django = ">=1.11,<2.3"

[package.source]
reference = "86c97db895906ce32fb7e2ad8c348f52d913563c"
type = "git"
url = "https://github.com/DivineITLimited/django-hyper-editor.git"
[[package]]
category = "main"
description = "Internationalized Domain Names in Applications (IDNA)"
name = "idna"
optional = false
python-versions = ">=2.7, !=3.0.*, !=3.1.*, !=3.2.*, !=3.3.*"
version = "2.8"

[[package]]
category = "main"
description = "A Python utility / library to sort Python imports."
name = "isort"
optional = false
python-versions = ">=2.7, !=3.0.*, !=3.1.*, !=3.2.*, !=3.3.*"
version = "4.3.21"

[[package]]
category = "main"
description = "A reusable Django field that allows you to store validated JSON in your model."
marker = "extra == \"json\""
name = "jsonfield"
optional = false
python-versions = "*"
version = "2.0.2"

[package.dependencies]
Django = ">=1.8.0"

[[package]]
category = "main"
description = "A fast and thorough lazy object proxy."
name = "lazy-object-proxy"
optional = false
python-versions = ">=2.7, !=3.0.*, !=3.1.*, !=3.2.*, !=3.3.*"
version = "1.4.3"

[[package]]
category = "main"
description = "McCabe checker, plugin for flake8"
name = "mccabe"
optional = false
python-versions = "*"
version = "0.6.1"

[[package]]
category = "main"
description = "Python library for Open Location Code (Plus Codes)"
name = "openlocationcode"
optional = false
python-versions = "*"
version = "1.0.1"

[[package]]
category = "main"
description = "Core utilities for Python packages"
marker = "extra == \"json\""
name = "packaging"
optional = false
python-versions = ">=2.7, !=3.0.*, !=3.1.*, !=3.2.*, !=3.3.*"
version = "19.2"

[package.dependencies]
pyparsing = ">=2.0.2"
six = "*"

[[package]]
category = "main"
description = "Python version of Google's common library for parsing, formatting, storing and validating international phone numbers."
name = "phonenumbers"
optional = false
python-versions = "*"
version = "8.11.0"

[[package]]
category = "main"
description = "Python Imaging Library (Fork)"
name = "pillow"
optional = false
python-versions = ">=2.7, !=3.0.*, !=3.1.*, !=3.2.*, !=3.3.*, !=3.4.*"
version = "6.2.1"

[[package]]
category = "main"
description = "python code static checker"
name = "pylint"
optional = false
python-versions = ">=3.5.*"
version = "2.4.4"

[package.dependencies]
astroid = ">=2.3.0,<2.4"
colorama = "*"
isort = ">=4.2.5,<5"
mccabe = ">=0.6,<0.7"

[[package]]
category = "main"
description = "Python driver for MongoDB <http://www.mongodb.org>"
name = "pymongo"
optional = false
python-versions = "*"
version = "3.7.1"

[[package]]
category = "main"
description = "Python One Time Password Library"
name = "pyotp"
optional = false
python-versions = "*"
version = "2.3.0"

[[package]]
category = "main"
description = "Python parsing module"
marker = "extra == \"json\""
name = "pyparsing"
optional = false
python-versions = ">=2.6, !=3.0.*, !=3.1.*, !=3.2.*"
version = "2.4.5"

[[package]]
category = "main"
description = "World timezone definitions, modern and historical"
name = "pytz"
optional = false
python-versions = "*"
version = "2019.3"

[[package]]
category = "main"
description = "Python client for Redis key-value store"
name = "redis"
optional = false
python-versions = ">=2.7, !=3.0.*, !=3.1.*, !=3.2.*, !=3.3.*"
version = "3.3.11"

[[package]]
category = "main"
description = "Python HTTP for Humans."
name = "requests"
optional = false
python-versions = ">=2.7, !=3.0.*, !=3.1.*, !=3.2.*, !=3.3.*, !=3.4.*"
version = "2.22.0"

[package.dependencies]
certifi = ">=2017.4.17"
chardet = ">=3.0.2,<3.1.0"
idna = ">=2.5,<2.9"
urllib3 = ">=1.21.1,<1.25.0 || >1.25.0,<1.25.1 || >1.25.1,<1.26"

[[package]]
category = "main"
description = "Python 2 and 3 compatibility utilities"
name = "six"
optional = false
python-versions = ">=2.6, !=3.0.*, !=3.1.*"
version = "1.13.0"

[[package]]
category = "main"
description = "Non-validating SQL parser"
name = "sqlparse"
optional = false
python-versions = "*"
version = "0.2.4"

[[package]]
category = "main"
description = "a fork of Python 2 and 3 ast modules with type comment support"
marker = "implementation_name == \"cpython\" and python_version < \"3.8\""
name = "typed-ast"
optional = false
python-versions = "*"
version = "1.4.0"

[[package]]
category = "main"
description = "ASCII transliterations of Unicode text"
name = "unidecode"
optional = false
python-versions = "*"
version = "1.0.23"

[[package]]
category = "main"
description = "HTTP library with thread-safe connection pooling, file post, and more."
name = "urllib3"
optional = false
python-versions = "*"
version = "1.22"

[[package]]
category = "main"
description = "Module for decorators, wrappers and monkey patching."
name = "wrapt"
optional = false
python-versions = "*"
version = "1.11.2"

[[package]]
category = "main"
description = "Django mobile based auth app"
name = "zero-auth"
optional = false
python-versions = "*"
version = "0.1"

[package.dependencies]
django-phonenumber-field = "*"
pyotp = "*"

[package.source]
reference = "daed5b636157d380965dc4320f4c51d2fe3fc39d"
type = "git"
url = "https://shimul:vyWhqSgMPXByfETWRwGw@git.divineit.net/shimul/zero-auth.git"
[metadata]
content-hash = "e341456fcc8c34709ff5560353fa8175aa67eefe5a857e7d3920853d4cba50af"
python-versions = ">=3.6"

[metadata.hashes]
astroid = ["71ea07f44df9568a75d0f354c49143a4575d90645e9fead6dfb52c26a85ed13a", "840947ebfa8b58f318d42301cf8c0a20fd794a33b61cc4638e28e9e61ba32f42"]
babel = ["af92e6106cb7c55286b25b38ad7695f8b4efb36a90ba483d7f7a6628c46158ab", "e86135ae101e31e2c8ec20a4e0c5220f4eed12487d5cf3f78be7e98d3a57fc28"]
certifi = ["017c25db2a153ce562900032d5bc68e9f191e44e9a0f762f373977de9df1fbb3", "25b64c7da4cd7479594d035c08c2d809eb4aab3a26e5a990ea98cc450c320f1f"]
chardet = ["84ab92ed1c4d4f16916e05906b6b75a6c0fb5db821cc65e70cbd64a3e2a5eaae", "fc323ffcaeaed0e0a02bf4d117757b98aed530d9ed4531e3e15460124c106691"]
colorama = ["05eed71e2e327246ad6b38c540c4a3117230b19679b875190486ddd2d721422d", "f8ac84de7840f5b9c4e3347b3c1eaa50f7e49c2b07596221daec5edaabbd7c48"]
dataclasses = ["454a69d788c7fda44efd71e259be79577822f5e3f53f029a22d08004e951dc9f", "6988bd2b895eef432d562370bb707d540f32f7360ab13da45340101bc2307d84"]
dit-common-core = []
dit-email-addon = []
dit-sms-addon = []
django = ["9614851d4a7ff8cbd32b73c6076441f377c45a5bbff7e771798fb02c43c31f47", "af18618ce3291be5092893d8522fe3919661bf3a1fb60e3858ae74865a4f07c2"]
django-appconf = ["35f13ca4d567f132b960e2cd4c832c2d03cb6543452d34e29b7ba10371ba80e3", "c98a7af40062e996b921f5962a1c4f3f0c979fa7885f7be4710cceb90ebe13a6"]
django-compat = ["3ac9a3bedc56b9365d9eb241bc5157d0c193769bf995f9a78dc1bc24e7c2331b"]
django-cors-headers = ["84933651fbbde8f2bc084bef2f077b79db1ec1389432f21dd661eaae6b3d6a95", "a8b2772582e8025412f4d4b54b617d8b707076ffd53a2b961bd24f10ec207a7c"]
django-countries = ["1cefad9ec804d6a0318b91c5394b5aef00336755928f44d0a6420507719d65c8", "22e96236101783cfe5222ef5174972242a7e8176336d119a4dc111aedce35897"]
django-crispy-forms = ["0afc0ba730f52a13c02bfbd0e1423af4577a337d73a8a0ef96f2cbbc5f345ffa", "2db711ce31f6f9ef42c16829cc3636e3819f97c1b22a3b706afed679bc417e88"]
django-embed-video = ["a9f887321b8bc463dc1182a58b717e9e2e9e46b0d2887b9e496b0942880b0403", "b92cdcb03167c4e75d069e77a65c2e6ebc78f0f4c8d519d46304655fee6175c4"]
django-extensions = ["a9db7c56a556d244184f589f2437b4228de86ee45e5ebb837fb20c6d54e95ea5", "b58320d3fe3d6ae7d1d8e38959713fa92272f4921e662d689058d942a5b444f7"]
django-filer = ["afb6428e62d53f049c5c27f1ebb37e46f892c2cbd00a6f86edcb013c8c62bb3b"]
django-filter = ["558c727bce3ffa89c4a7a0b13bc8976745d63e5fd576b3a9a851650ef11c401b", "c3deb57f0dd7ff94d7dce52a047516822013e2b441bed472b722a317658cfd14"]
django-formtools = ["7703793f1675aa6e871f9fed147e8563816d7a5b9affdc5e3459899596217f7c", "cb2bd7c29c2104278e5a0e76f7ff256b9570acf11485d547ee0c1b35347359fb"]
django-hijack = ["be484f0ca67a092d5bf9bf8a5307beb716dc2e86b56a69796479183fdeb9036c"]
django-hijack-admin = ["330f9be331ada831248c9cee5a21202aea70fb9911b443249ce4c28d57d9e2e3"]
django-js-asset = ["8ec12017f26eec524cab436c64ae73033368a372970af4cf42d9354fcb166bdd", "c163ae80d2e0b22d8fb598047cd0dcef31f81830e127cfecae278ad574167260"]
django-jsoneditor = ["7b06068d4404cbb7d1fce2904f75c45143d39e2fd1b5ae11a4cad4ffba1eb5c0", "aa942792a7df32e21069fc647c9266bb2d437658064c3cc29dfe2e41285147a6"]
django-mptt = ["6bf9eb26e54e92006ca82108a1c946c7df533ec27bddf3f795a83a32a3d1b04b", "c765c1501dd0b5c22f0ca8b948550bd294cd2db68aefa0560c6ed7fcfdf4b95e"]
django-phonenumber-field = ["1ab19f723928582fed412bd9844221fa4ff466276d8526b8b4a9913ee1487c5e", "794ebbc3068a7af75aa72a80cb0cec67e714ff8409a965968040f1fd210b2d97"]
django-polymorphic = ["1fb5505537bcaf71cfc951ff94c4e3ba83c761eaca04b7b2ce9cb63937634ea5", "79e7df455fdc8c3d28d38b7ab8323fc21d109a162b8ca282119e0e9ce8db7bdb"]
django-redis = ["af0b393864e91228dd30d8c85b5c44d670b5524cb161b7f9e41acc98b6e5ace7", "f46115577063d00a890867c6964ba096057f07cb756e78e0503b89cd18e4e083"]
django-rest-auth = ["f11e12175dafeed772f50d740d22caeab27e99a3caca24ec65e66a8d6de16571"]
django-select2 = ["4c8c4c7c4afee12c17e64d1eabf77af4cd2666a784cba1e74455ce759dd29393", "bcd7e5fc920ceee0e63c36372d8e75bd2254d8a37ac67fc16581634766680d30"]
django-tables2 = ["0d9b17f5c030ba1b5fcaeb206d8397bf58f1fdfc6beaf56e7874841b8647aa94", "6afa0496695e15b332e98537265d09fe01a55b28c75a85323d8e6b0dc2350280"]
django-taggit = ["01bf163f66f385de3777378f43338aba93aae8673891d8ba9a20695b2ffb8e10", "c13dfc1808a3084b64898e591af1d2f49b672d108388654804b170ee0ac5caf0"]
django-treebeard = ["c21db06a8d4943bf2a28d9d7a119058698fb76116df2679ecbf15a46a501de42"]
django-widget-tweaks = ["65c960f3d75008a285e4b10f4d21f9eae4160fd77a0f6097ad545185f8648bd6", "f2e2c9c9be1ccc59061e248dcc2144f4906d594abe1a563902f4bdf6aa14e432"]
djangorestframework = ["5488aed8f8df5ec1d70f04b2114abc52ae6729748a176c453313834a9ee179c8", "dc81cbf9775c6898a580f6f1f387c4777d12bd87abf0f5406018d32ccae71090"]
djongo = ["94333985f3e9163cd786c4f260758ac62c93caec8dfc740d830a4fade3fc1744"]
easy-thumbnails = ["23fbe3415c93b2369ece8ebdfb5faa05540943bef8b941b3118ce769ba95e275"]
hypereditor = []
idna = ["c357b3f628cf53ae2c4c05627ecc484553142ca23264e593d327bcde5e9c3407", "ea8b7f6188e6fa117537c3df7da9fc686d485087abf6ac197f9c46432f7e4a3c"]
isort = ["54da7e92468955c4fceacd0c86bd0ec997b0e1ee80d97f67c35a78b719dccab1", "6e811fcb295968434526407adb8796944f1988c5b65e8139058f2014cbe100fd"]
jsonfield = ["a0a7fdee736ff049059409752b045281a225610fecbda9b9bd588ba976493c12", "beb1cd4850d6d6351c32daefcb826c01757744e9c863228a642f87a1a4acb834"]
lazy-object-proxy = ["0c4b206227a8097f05c4dbdd323c50edf81f15db3b8dc064d08c62d37e1a504d", "194d092e6f246b906e8f70884e620e459fc54db3259e60cf69a4d66c3fda3449", "1be7e4c9f96948003609aa6c974ae59830a6baecc5376c25c92d7d697e684c08", "4677f594e474c91da97f489fea5b7daa17b5517190899cf213697e48d3902f5a", "48dab84ebd4831077b150572aec802f303117c8cc5c871e182447281ebf3ac50", "5541cada25cd173702dbd99f8e22434105456314462326f06dba3e180f203dfd", "59f79fef100b09564bc2df42ea2d8d21a64fdcda64979c0fa3db7bdaabaf6239", "8d859b89baf8ef7f8bc6b00aa20316483d67f0b1cbf422f5b4dc56701c8f2ffb", "9254f4358b9b541e3441b007a0ea0764b9d056afdeafc1a5569eee1cc6c1b9ea", "9651375199045a358eb6741df3e02a651e0330be090b3bc79f6d0de31a80ec3e", "97bb5884f6f1cdce0099f86b907aa41c970c3c672ac8b9c8352789e103cf3156", "9b15f3f4c0f35727d3a0fba4b770b3c4ebbb1fa907dbcc046a1d2799f3edd142", "a2238e9d1bb71a56cd710611a1614d1194dc10a175c1e08d75e1a7bcc250d442", "a6ae12d08c0bf9909ce12385803a543bfe99b95fe01e752536a60af2b7797c62", "ca0a928a3ddbc5725be2dd1cf895ec0a254798915fb3a36af0964a0a4149e3db", "cb2c7c57005a6804ab66f106ceb8482da55f5314b7fcb06551db1edae4ad1531", "d74bb8693bf9cf75ac3b47a54d716bbb1a92648d5f781fc799347cfc95952383", "d945239a5639b3ff35b70a88c5f2f491913eb94871780ebfabb2568bd58afc5a", "eba7011090323c1dadf18b3b689845fd96a61ba0a1dfbd7f24b921398affc357", "efa1909120ce98bbb3777e8b6f92237f5d5c8ea6758efea36a473e1d38f7d3e4", "f3900e8a5de27447acbf900b4750b0ddfd7ec1ea7fbaf11dfa911141bc522af0"]
mccabe = ["ab8a6258860da4b6677da4bd2fe5dc2c659cff31b3ee4f7f5d64e79735b80d42", "dd8d182285a0fe56bace7f45b5e7d1a6ebcbf524e8f3bd87eb0f125271b8831f"]
openlocationcode = ["6fc0108a8214b65d74964105bd69645a8a7529237f0de6aadcfa83cc3373b359"]
packaging = ["28b924174df7a2fa32c1953825ff29c61e2f5e082343165438812f00d3a7fc47", "d9551545c6d761f3def1677baf08ab2a3ca17c56879e70fecba2fc4dde4ed108"]
phonenumbers = ["964ecfcf261b98fa7a749ddabd289a484bef9ed8be42d2ed46c35c68c44683bd", "975f1638a743ef53f1b80a8440159047f79ce484f28704b61479e119acc0a503"]
pillow = ["047d9473cf68af50ac85f8ee5d5f21a60f849bc17d348da7fc85711287a75031", "0f66dc6c8a3cc319561a633b6aa82c44107f12594643efa37210d8c924fc1c71", "12c9169c4e8fe0a7329e8658c7e488001f6b4c8e88740e76292c2b857af2e94c", "248cffc168896982f125f5c13e9317c059f74fffdb4152893339f3be62a01340", "27faf0552bf8c260a5cee21a76e031acaea68babb64daf7e8f2e2540745082aa", "285edafad9bc60d96978ed24d77cdc0b91dace88e5da8c548ba5937c425bca8b", "384b12c9aa8ef95558abdcb50aada56d74bc7cc131dd62d28c2d0e4d3aadd573", "38950b3a707f6cef09cd3cbb142474357ad1a985ceb44d921bdf7b4647b3e13e", "4aad1b88933fd6dc2846552b89ad0c74ddbba2f0884e2c162aa368374bf5abab", "4ac6148008c169603070c092e81f88738f1a0c511e07bd2bb0f9ef542d375da9", "4deb1d2a45861ae6f0b12ea0a786a03d19d29edcc7e05775b85ec2877cb54c5e", "59aa2c124df72cc75ed72c8d6005c442d4685691a30c55321e00ed915ad1a291", "5a47d2123a9ec86660fe0e8d0ebf0aa6bc6a17edc63f338b73ea20ba11713f12", "5cc901c2ab9409b4b7ac7b5bcc3e86ac14548627062463da0af3b6b7c555a871", "6c1db03e8dff7b9f955a0fb9907eb9ca5da75b5ce056c0c93d33100a35050281", "7ce80c0a65a6ea90ef9c1f63c8593fcd2929448613fc8da0adf3e6bfad669d08", "809c19241c14433c5d6135e1b6c72da4e3b56d5c865ad5736ab99af8896b8f41", "83792cb4e0b5af480588601467c0764242b9a483caea71ef12d22a0d0d6bdce2", "846fa202bd7ee0f6215c897a1d33238ef071b50766339186687bd9b7a6d26ac5", "9f5529fc02009f96ba95bea48870173426879dc19eec49ca8e08cd63ecd82ddb", "a423c2ea001c6265ed28700df056f75e26215fd28c001e93ef4380b0f05f9547", "ac4428094b42907aba5879c7c000d01c8278d451a3b7cccd2103e21f6397ea75", "b1ae48d87f10d1384e5beecd169c77502fcc04a2c00a4c02b85f0a94b419e5f9", "bf4e972a88f8841d8fdc6db1a75e0f8d763e66e3754b03006cbc3854d89f1cb1", "c6414f6aad598364aaf81068cabb077894eb88fed99c6a65e6e8217bab62ae7a", "c710fcb7ee32f67baf25aa9ffede4795fd5d93b163ce95fdc724383e38c9df96", "c7be4b8a09852291c3c48d3c25d1b876d2494a0a674980089ac9d5e0d78bd132", "c9e5ffb910b14f090ac9c38599063e354887a5f6d7e6d26795e916b4514f2c1a", "e0697b826da6c2472bb6488db4c0a7fa8af0d52fa08833ceb3681358914b14e5", "e9a3edd5f714229d41057d56ac0f39ad9bdba6767e8c888c951869f0bdd129b0"]
pylint = ["3db5468ad013380e987410a8d6956226963aed94ecb5f9d3a28acca6d9ac36cd", "886e6afc935ea2590b462664b161ca9a5e40168ea99e5300935f6591ad467df4"]
pymongo = ["075686718e64483b95abf224317925687742e810dbf95d5750c8fb36cf88a5ec", "08dea6dbff33363419af7af3bf2e9a373ff71eb22833dd7063f9b953f09a0bdf", "0949110db76eb1b54cecfc0c0f8468a8b9a7fd42ba23fd0d4a37d97e0b4ca203", "0c31a39f440801cc8603547ccaacf4cb1f02b81af6ba656621c13677b27f4426", "1dcde7e63d50c957fc377a6cdf56c90635015a3a41b894be96d9421458608706", "1e10b3fda5677d360440ebd12a1185944dc81d9ea9acf0c6b0681013b3fb9bc2", "1f59440b993666a417ba1954cfb1b7fb11cb4dea1a1d2777897009f688d000ee", "2b5a3806d9f656c14e9d9b693a344fc5684fdd045155594be0c505c6e9410a94", "34bb6b32969677d7f6a9694945899c5c9324d93094874b5fe9c0a4aa10323a49", "3a7ed4a2ad7abc4bc29a5ec181e23bd370ba4003767260519f825db96f1daf63", "457faf75fc9e8c25625240436508c4e482f977a31363a84a9a25fabb4b8a2194", "4a14e2d7c2c0e07b5affcfbfc5c395d767f94bb1a822934a41a3b5371cde1458", "4cb50541225208b37786fdb0de632e475c4f00ec4792579df551ef48d6999d69", "52999666ad01de885653e1f74a86c2a6520d1004afec475180bebf3d7393a8fc", "562c353079e8ce7e2ad611fd7436a72f5df97be72bca59ae9ebf789a724afd5c", "5ce2a71f473f4703daa8d6c61a00b35ce625a7f5015b4371e3af728dafca296a", "6192bf37933d16d5348e9d7ca6f3b2a45fbafe110ac77460e67dc856913d1b2f", "6613e633676168a4500e5e6bb6e3e64d3fdb96d2dc472eb4b99235fb4141adb1", "69d757cc9786e1417cc44230073c82e490f8f5c4a71299de7dba8fbce7193f8f", "75183c8336e25b4b879dc8fc8d13a585abb5e0042d0ddbd4b54fb36c11f849bf", "8330406f294df118399c721f80979f2516447bcc73e4262826687872c864751e", "847c8ce15a1b5634c7a62732899f339d168a443115cd9bc37c52d75fb362bca1", "8c1436e9b65fd2c0c46141cef108cae8cd303c0d233af7c0e0de18b3c59c6dcf", "8e939dfa7d16609b99eb4d1fd2fc74f7a90f4fd0aaf31d611822daaff456236f", "8fa4303e1f50d9f0c8f2f7833b5a370a94d19d41449def62b34ae072126b4dfd", "8fae0e607d954aa5f2acfbb2be79f7359521b2b9a4458a995c5baf48868bc4b4", "966d987975aa3b4cfcdf1495930ff6ecb152fafe8e544e40633e41b24ca3e1c5", "aec4ea43a1b8e9782246a259410f66692f2d3aa0f03c54477e506193b0781cb6", "b1f6cac26ed5aaf811e6310d5829506eee7f0c5f113fd5a5c2bd4c584d6a994f", "b73f889f032fbef05863f5056b46468a8262ae83628898e20b10bbbb79a3617e", "b752088a2f819f163d11dfdbbe627b27eef9d8478c7e57d42c5e7c600fee434e", "bf9e9bcb2f4a8fa1cc5e956c92a9c5f8a6cf5d4f81e2e8a696ff5af5626d66b6", "c8669f96277f140797e0ff99f80bd706271674942672a38ed694e2bfa66f3900", "ccf00549efaf6f8d5b35b654beb9aed2b788a5b33b05606eb818ddaa4e924ea3", "ce7c91463ad21ac72fc795188292b01c8366cf625e2d1e5ed473ce127b844f60", "d3e9c3ef66c99e11e432a1f1cf51dbe82b9ced646e8fff3309e52d4318561de5", "d776d8d47884e6ad39ff8a301f1ae6b7d2186f209218cf024f43334dbba79c64", "dab0f63841aebb2b421fadb31f3c7eef27898f21274a8e5b45c4f2bccb40f9ed", "daedcfbf3b24b2b687e35b33252a9315425c2dd06a085a36906d516135bdd60e", "e4b348c2f51cb1bd75a31f3fc53eee59975ff7349def12f8f6e2d6cc198e849a", "e750ceff90998e53c0f4b6a3080ec1ccf5aa264e290996b963a59ab6a782d5a5", "e7ad1ec621db2c5ad47924f63561f75abfd4fff669c62c8cc99c169c90432f59", "e9a6b224362bbdfc3e18fcb03c449422bf3a826b7365a77fcd863bcdef020b7c", "f14fb6c4058772a0d74d82874d3b89d7264d89b4ed7fa0413ea0ef8112b268b9", "f16c7b6b98bc400d180f05e65e2236ef4ee9d71f3815280558582670e1e67536", "f2d9eb92b26600ae6e8092f66da4bcede1b61a647c9080d6b44c148aff3a8ea4", "ffe94f9d17800610dda5282d7f6facfc216d79a93dd728a03d2f21cff3af7cc6"]
pyotp = ["c88f37fd47541a580b744b42136f387cdad481b560ef410c0d85c957eb2a2bc0", "fc537e8acd985c5cbf51e11b7d53c42276fee017a73aec7c07380695671ca1a1"]
pyparsing = ["20f995ecd72f2a1f4bf6b072b63b22e2eb457836601e76d6e5dfcd75436acc1f", "4ca62001be367f01bd3e92ecbb79070272a9d4964dce6a48a82ff0b8bc7e683a"]
pytz = ["1c557d7d0e871de1f5ccd5833f60fb2550652da6be2693c1e02300743d21500d", "b02c06db6cf09c12dd25137e563b31700d3b80fcc4ad23abb7a315f2789819be"]
redis = ["3613daad9ce5951e426f460deddd5caf469e08a3af633e9578fc77d362becf62", "8d0fc278d3f5e1249967cba2eb4a5632d19e45ce5c09442b8422d15ee2c22cc2"]
requests = ["11e007a8a2aa0323f5a921e9e6a2d7e4e67d9877e85773fba9ba6419025cbeb4", "9cf5292fcd0f598c671cfc1e0d7d1a7f13bb8085e9a590f48c010551dc6c4b31"]
six = ["1f1b7d42e254082a9db6279deae68afb421ceba6158efa6131de7b3003ee93fd", "30f610279e8b2578cab6db20741130331735c781b56053c59c4076da27f06b66"]
sqlparse = ["ce028444cfab83be538752a2ffdb56bc417b7784ff35bb9a3062413717807dec", "d9cf190f51cbb26da0412247dfe4fb5f4098edb73db84e02f9fc21fdca31fed4"]
typed-ast = ["1170afa46a3799e18b4c977777ce137bb53c7485379d9706af8a59f2ea1aa161", "18511a0b3e7922276346bcb47e2ef9f38fb90fd31cb9223eed42c85d1312344e", "262c247a82d005e43b5b7f69aff746370538e176131c32dda9cb0f324d27141e", "2b907eb046d049bcd9892e3076c7a6456c93a25bebfe554e931620c90e6a25b0", "354c16e5babd09f5cb0ee000d54cfa38401d8b8891eefa878ac772f827181a3c", "48e5b1e71f25cfdef98b013263a88d7145879fbb2d5185f2a0c79fa7ebbeae47", "4e0b70c6fc4d010f8107726af5fd37921b666f5b31d9331f0bd24ad9a088e631", "630968c5cdee51a11c05a30453f8cd65e0cc1d2ad0d9192819df9978984529f4", "66480f95b8167c9c5c5c87f32cf437d585937970f3fc24386f313a4c97b44e34", "71211d26ffd12d63a83e079ff258ac9d56a1376a25bc80b1cdcdf601b855b90b", "7954560051331d003b4e2b3eb822d9dd2e376fa4f6d98fee32f452f52dd6ebb2", "838997f4310012cf2e1ad3803bce2f3402e9ffb71ded61b5ee22617b3a7f6b6e", "95bd11af7eafc16e829af2d3df510cecfd4387f6453355188342c3e79a2ec87a", "bc6c7d3fa1325a0c6613512a093bc2a2a15aeec350451cbdf9e1d4bffe3e3233", "cc34a6f5b426748a507dd5d1de4c1978f2eb5626d51326e43280941206c209e1", "d755f03c1e4a51e9b24d899561fec4ccaf51f210d52abdf8c07ee2849b212a36", "d7c45933b1bdfaf9f36c579671fec15d25b06c8398f113dab64c18ed1adda01d", "d896919306dd0aa22d0132f62a1b78d11aaf4c9fc5b3410d3c666b818191630a", "fdc1c9bbf79510b76408840e009ed65958feba92a88833cdceecff93ae8fff66", "ffde2fbfad571af120fcbfbbc61c72469e72f550d676c3342492a9dfdefb8f12"]
unidecode = ["092cdf7ad9d1052c50313426a625b717dab52f7ac58f859e09ea020953b1ad8f", "8b85354be8fd0c0e10adbf0675f6dc2310e56fda43fa8fe049123b6c475e52fb"]
urllib3 = ["06330f386d6e4b195fbfc736b297f58c5a892e4440e54d294d7004e3a9bbea1b", "cc44da8e1145637334317feebd728bd869a35285b93cbb4cca2577da7e62db4f"]
wrapt = ["565a021fd19419476b9362b05eeaa094178de64f8361e44468f9e9d7843901e1"]
zero-auth = []
